
Microsoft Visual Studio Solution File, Format Version 12.00
# Visual Studio 15
VisualStudioVersion = 15.0.27703.2047
MinimumVisualStudioVersion = 10.0.40219.1
Project("{FAE04EC0-301F-11D3-BF4B-00C04F79EFBC}") = "插件修复程序", "..\插件修复程序\插件修复程序.csproj", "{1B2A2DE1-E18E-4D43-8C50-82CAD2B04AD5}"
EndProject
Global
	GlobalSection(SolutionConfigurationPlatforms) = preSolution
		Debug|Any CPU = Debug|Any CPU
		Release|Any CPU = Release|Any CPU
	EndGlobalSection
	GlobalSection(ProjectConfigurationPlatforms) = postSolution
		{1B2A2DE1-E18E-4D43-8C50-82CAD2B04AD5}.Debug|Any CPU.ActiveCfg = Debug|Any CPU
		{1B2A2DE1-E18E-4D43-8C50-82CAD2B04AD5}.Debug|Any CPU.Build.0 = Debug|Any CPU
		{1B2A2DE1-E18E-4D43-8C50-82CAD2B04AD5}.Release|Any CPU.ActiveCfg = Release|Any CPU
		{1B2A2DE1-E18E-4D43-8C50-82CAD2B04AD5}.Release|Any CPU.Build.0 = Release|Any CPU
	EndGlobalSection
	GlobalSection(SolutionProperties) = preSolution
		HideSolutionNode = FALSE
	EndGlobalSection
	GlobalSection(ExtensibilityGlobals) = postSolution
		SolutionGuid = {1E30C378-88E5-4405-BE2F-FDFCA3BC25C6}
	EndGlobalSection
EndGlobal
